// !$*UTF8*$!
{
	archiveVersion = 1;
	classes = {
	};
	objectVersion = 56;
	objects = {

/* Begin PBXBuildFile section */
		304F2BE82D1E0CE6008D8AE3 /* ScrumdingerApp.swift in Sources */ = {isa = PBXBuildFile; fileRef = 304F2BE72D1E0CE6008D8AE3 /* ScrumdingerApp.swift */; };
		304F2BEA2D1E0CE6008D8AE3 /* MeetingView.swift in Sources */ = {isa = PBXBuildFile; fileRef = 304F2BE92D1E0CE6008D8AE3 /* MeetingView.swift */; };
		304F2BF72D1E159F008D8AE3 /* Theme.swift in Sources */ = {isa = PBXBuildFile; fileRef = 304F2BF62D1E159F008D8AE3 /* Theme.swift */; };
		304F2BF92D1E49CE008D8AE3 /* DailyScrum.swift in Sources */ = {isa = PBXBuildFile; fileRef = 304F2BF82D1E49CE008D8AE3 /* DailyScrum.swift */; };
		304F2BFB2D1E49FB008D8AE3 /* CardView.swift in Sources */ = {isa = PBXBuildFile; fileRef = 304F2BFA2D1E49FB008D8AE3 /* CardView.swift */; };
		304F2BFD2D1F9EBA008D8AE3 /* TrailingIconLabelStyle.swift in Sources */ = {isa = PBXBuildFile; fileRef = 304F2BFC2D1F9EBA008D8AE3 /* TrailingIconLabelStyle.swift */; };
		304F2BFF2D2DBD81008D8AE3 /* ScrumsView.swift in Sources */ = {isa = PBXBuildFile; fileRef = 304F2BFE2D2DBD81008D8AE3 /* ScrumsView.swift */; };
		304F2C012D2DC790008D8AE3 /* Assets.xcassets in Resources */ = {isa = PBXBuildFile; fileRef = 304F2C002D2DC790008D8AE3 /* Assets.xcassets */; };
		304F2C032D2DC7DF008D8AE3 /* Preview Assets.xcassets in Resources */ = {isa = PBXBuildFile; fileRef = 304F2C022D2DC7DF008D8AE3 /* Preview Assets.xcassets */; };
		304F2C052D2F0510008D8AE3 /* DetailView.swift in Sources */ = {isa = PBXBuildFile; fileRef = 304F2C042D2F0510008D8AE3 /* DetailView.swift */; };
		304F2C092D302F38008D8AE3 /* DetailEditView.swift in Sources */ = {isa = PBXBuildFile; fileRef = 304F2C082D302F38008D8AE3 /* DetailEditView.swift */; };
		304F2C0B2D31A332008D8AE3 /* ThemeView.swift in Sources */ = {isa = PBXBuildFile; fileRef = 304F2C0A2D31A332008D8AE3 /* ThemeView.swift */; };
		304F2C0D2D31A4CE008D8AE3 /* ThemePicker.swift in Sources */ = {isa = PBXBuildFile; fileRef = 304F2C0C2D31A4CE008D8AE3 /* ThemePicker.swift */; };
		304F2C0F2D357BCB008D8AE3 /* MeetingHeaderView.swift in Sources */ = {isa = PBXBuildFile; fileRef = 304F2C0E2D357BCB008D8AE3 /* MeetingHeaderView.swift */; };
		304F2C112D358EEF008D8AE3 /* ScrumProgressViewStyle.swift in Sources */ = {isa = PBXBuildFile; fileRef = 304F2C102D358EEE008D8AE3 /* ScrumProgressViewStyle.swift */; };
		304F2C132D359028008D8AE3 /* ScrumTimer.swift in Sources */ = {isa = PBXBuildFile; fileRef = 304F2C122D359027008D8AE3 /* ScrumTimer.swift */; };
		304F2C152D3594E7008D8AE3 /* MeetingFooterView.swift in Sources */ = {isa = PBXBuildFile; fileRef = 304F2C142D3594E7008D8AE3 /* MeetingFooterView.swift */; };
		304F2C172D36D6C8008D8AE3 /* AVPlayer+Ding.swift in Sources */ = {isa = PBXBuildFile; fileRef = 304F2C162D36D6C8008D8AE3 /* AVPlayer+Ding.swift */; };
		304F2C1A2D36D8A4008D8AE3 /* ding.wav in Resources */ = {isa = PBXBuildFile; fileRef = 304F2C182D36D8A4008D8AE3 /* ding.wav */; };
		304F2C1C2D36EB23008D8AE3 /* NewScrumSheet.swift in Sources */ = {isa = PBXBuildFile; fileRef = 304F2C1B2D36EB23008D8AE3 /* NewScrumSheet.swift */; };
		304F2C1E2D36F155008D8AE3 /* History.swift in Sources */ = {isa = PBXBuildFile; fileRef = 304F2C1D2D36F155008D8AE3 /* History.swift */; };
		304F2C202D37046A008D8AE3 /* ScrumStore.swift in Sources */ = {isa = PBXBuildFile; fileRef = 304F2C1F2D37046A008D8AE3 /* ScrumStore.swift */; };
		304F2C222D384A74008D8AE3 /* ErrorWrapper.swift in Sources */ = {isa = PBXBuildFile; fileRef = 304F2C212D384A74008D8AE3 /* ErrorWrapper.swift */; };
		304F2C252D384B82008D8AE3 /* ErrorView.swift in Sources */ = {isa = PBXBuildFile; fileRef = 304F2C242D384B82008D8AE3 /* ErrorView.swift */; };
		304F2C272D386BEE008D8AE3 /* MeetingTimerView.swift in Sources */ = {isa = PBXBuildFile; fileRef = 304F2C262D386BEE008D8AE3 /* MeetingTimerView.swift */; };
		304F2C292D3884D7008D8AE3 /* SpeakerArc.swift in Sources */ = {isa = PBXBuildFile; fileRef = 304F2C282D3884D7008D8AE3 /* SpeakerArc.swift */; };
		304F2C2B2D39A07D008D8AE3 /* SpeechRecognizer.swift in Sources */ = {isa = PBXBuildFile; fileRef = 304F2C2A2D39A07D008D8AE3 /* SpeechRecognizer.swift */; };
		304F2C2E2D3ABE60008D8AE3 /* HistoryView.swift in Sources */ = {isa = PBXBuildFile; fileRef = 304F2C2D2D3ABE60008D8AE3 /* HistoryView.swift */; };
/* End PBXBuildFile section */

/* Begin PBXFileReference section */
		304F2BE42D1E0CE6008D8AE3 /* Scrumdinger.app */ = {isa = PBXFileReference; explicitFileType = wrapper.application; includeInIndex = 0; path = Scrumdinger.app; sourceTree = BUILT_PRODUCTS_DIR; };
		304F2BE72D1E0CE6008D8AE3 /* ScrumdingerApp.swift */ = {isa = PBXFileReference; lastKnownFileType = sourcecode.swift; path = ScrumdingerApp.swift; sourceTree = "<group>"; };
		304F2BE92D1E0CE6008D8AE3 /* MeetingView.swift */ = {isa = PBXFileReference; lastKnownFileType = sourcecode.swift; path = MeetingView.swift; sourceTree = "<group>"; };
		304F2BF62D1E159F008D8AE3 /* Theme.swift */ = {isa = PBXFileReference; lastKnownFileType = sourcecode.swift; path = Theme.swift; sourceTree = "<group>"; };
		304F2BF82D1E49CE008D8AE3 /* DailyScrum.swift */ = {isa = PBXFileReference; lastKnownFileType = sourcecode.swift; path = DailyScrum.swift; sourceTree = "<group>"; };
		304F2BFA2D1E49FB008D8AE3 /* CardView.swift */ = {isa = PBXFileReference; lastKnownFileType = sourcecode.swift; path = CardView.swift; sourceTree = "<group>"; };
		304F2BFC2D1F9EBA008D8AE3 /* TrailingIconLabelStyle.swift */ = {isa = PBXFileReference; lastKnownFileType = sourcecode.swift; path = TrailingIconLabelStyle.swift; sourceTree = "<group>"; };
		304F2BFE2D2DBD81008D8AE3 /* ScrumsView.swift */ = {isa = PBXFileReference; lastKnownFileType = sourcecode.swift; path = ScrumsView.swift; sourceTree = "<group>"; };
		304F2C002D2DC790008D8AE3 /* Assets.xcassets */ = {isa = PBXFileReference; lastKnownFileType = folder.assetcatalog; name = Assets.xcassets; path = ../../../../Downloads/CreatingACardView/StartingProject/Scrumdinger/Assets.xcassets; sourceTree = "<group>"; };
		304F2C022D2DC7DF008D8AE3 /* Preview Assets.xcassets */ = {isa = PBXFileReference; lastKnownFileType = folder.assetcatalog; path = "Preview Assets.xcassets"; sourceTree = "<group>"; };
		304F2C042D2F0510008D8AE3 /* DetailView.swift */ = {isa = PBXFileReference; lastKnownFileType = sourcecode.swift; path = DetailView.swift; sourceTree = "<group>"; };
		304F2C082D302F38008D8AE3 /* DetailEditView.swift */ = {isa = PBXFileReference; lastKnownFileType = sourcecode.swift; path = DetailEditView.swift; sourceTree = "<group>"; };
		304F2C0A2D31A332008D8AE3 /* ThemeView.swift */ = {isa = PBXFileReference; lastKnownFileType = sourcecode.swift; path = ThemeView.swift; sourceTree = "<group>"; };
		304F2C0C2D31A4CE008D8AE3 /* ThemePicker.swift */ = {isa = PBXFileReference; lastKnownFileType = sourcecode.swift; path = ThemePicker.swift; sourceTree = "<group>"; };
		304F2C0E2D357BCB008D8AE3 /* MeetingHeaderView.swift */ = {isa = PBXFileReference; lastKnownFileType = sourcecode.swift; path = MeetingHeaderView.swift; sourceTree = "<group>"; };
		304F2C102D358EEE008D8AE3 /* ScrumProgressViewStyle.swift */ = {isa = PBXFileReference; fileEncoding = 4; lastKnownFileType = sourcecode.swift; path = ScrumProgressViewStyle.swift; sourceTree = "<group>"; };
		304F2C122D359027008D8AE3 /* ScrumTimer.swift */ = {isa = PBXFileReference; fileEncoding = 4; lastKnownFileType = sourcecode.swift; path = ScrumTimer.swift; sourceTree = "<group>"; };
		304F2C142D3594E7008D8AE3 /* MeetingFooterView.swift */ = {isa = PBXFileReference; lastKnownFileType = sourcecode.swift; path = MeetingFooterView.swift; sourceTree = "<group>"; };
		304F2C162D36D6C8008D8AE3 /* AVPlayer+Ding.swift */ = {isa = PBXFileReference; fileEncoding = 4; lastKnownFileType = sourcecode.swift; path = "AVPlayer+Ding.swift"; sourceTree = "<group>"; };
		304F2C182D36D8A4008D8AE3 /* ding.wav */ = {isa = PBXFileReference; lastKnownFileType = audio.wav; path = ding.wav; sourceTree = "<group>"; };
		304F2C1B2D36EB23008D8AE3 /* NewScrumSheet.swift */ = {isa = PBXFileReference; lastKnownFileType = sourcecode.swift; path = NewScrumSheet.swift; sourceTree = "<group>"; };
		304F2C1D2D36F155008D8AE3 /* History.swift */ = {isa = PBXFileReference; lastKnownFileType = sourcecode.swift; path = History.swift; sourceTree = "<group>"; };
		304F2C1F2D37046A008D8AE3 /* ScrumStore.swift */ = {isa = PBXFileReference; lastKnownFileType = sourcecode.swift; path = ScrumStore.swift; sourceTree = "<group>"; };
		304F2C212D384A74008D8AE3 /* ErrorWrapper.swift */ = {isa = PBXFileReference; lastKnownFileType = sourcecode.swift; path = ErrorWrapper.swift; sourceTree = "<group>"; };
		304F2C242D384B82008D8AE3 /* ErrorView.swift */ = {isa = PBXFileReference; lastKnownFileType = sourcecode.swift; path = ErrorView.swift; sourceTree = "<group>"; };
		304F2C262D386BEE008D8AE3 /* MeetingTimerView.swift */ = {isa = PBXFileReference; lastKnownFileType = sourcecode.swift; path = MeetingTimerView.swift; sourceTree = "<group>"; };
		304F2C282D3884D7008D8AE3 /* SpeakerArc.swift */ = {isa = PBXFileReference; lastKnownFileType = sourcecode.swift; path = SpeakerArc.swift; sourceTree = "<group>"; };
		304F2C2A2D39A07D008D8AE3 /* SpeechRecognizer.swift */ = {isa = PBXFileReference; fileEncoding = 4; lastKnownFileType = sourcecode.swift; path = SpeechRecognizer.swift; sourceTree = "<group>"; };
		304F2C2C2D3AB301008D8AE3 /* Info.plist */ = {isa = PBXFileReference; lastKnownFileType = text.plist; path = Info.plist; sourceTree = "<group>"; };
		304F2C2D2D3ABE60008D8AE3 /* HistoryView.swift */ = {isa = PBXFileReference; lastKnownFileType = sourcecode.swift; path = HistoryView.swift; sourceTree = "<group>"; };
/* End PBXFileReference section */

/* Begin PBXFrameworksBuildPhase section */
		304F2BE12D1E0CE6008D8AE3 /* Frameworks */ = {
			isa = PBXFrameworksBuildPhase;
			buildActionMask = 2147483647;
			files = (
			);
			runOnlyForDeploymentPostprocessing = 0;
		};
/* End PBXFrameworksBuildPhase section */

/* Begin PBXGroup section */
		304F2BDB2D1E0CE6008D8AE3 = {
			isa = PBXGroup;
			children = (
				304F2BE62D1E0CE6008D8AE3 /* Scrumdinger */,
				304F2BE52D1E0CE6008D8AE3 /* Products */,
			);
			sourceTree = "<group>";
		};
		304F2BE52D1E0CE6008D8AE3 /* Products */ = {
			isa = PBXGroup;
			children = (
				304F2BE42D1E0CE6008D8AE3 /* Scrumdinger.app */,
			);
			name = Products;
			sourceTree = "<group>";
		};
		304F2BE62D1E0CE6008D8AE3 /* Scrumdinger */ = {
			isa = PBXGroup;
			children = (
				304F2C2C2D3AB301008D8AE3 /* Info.plist */,
				304F2BE72D1E0CE6008D8AE3 /* ScrumdingerApp.swift */,
				304F2C232D384B05008D8AE3 /* Views */,
				304F2BF52D1E1597008D8AE3 /* Models */,
				304F2C192D36D8A4008D8AE3 /* Resources */,
				304F2C002D2DC790008D8AE3 /* Assets.xcassets */,
				304F2BED2D1E0CE8008D8AE3 /* Preview Content */,
			);
			path = Scrumdinger;
			sourceTree = "<group>";
		};
		304F2BED2D1E0CE8008D8AE3 /* Preview Content */ = {
			isa = PBXGroup;
			children = (
				304F2C022D2DC7DF008D8AE3 /* Preview Assets.xcassets */,
			);
			path = "Preview Content";
			sourceTree = "<group>";
		};
		304F2BF52D1E1597008D8AE3 /* Models */ = {
			isa = PBXGroup;
			children = (
				304F2C2A2D39A07D008D8AE3 /* SpeechRecognizer.swift */,
				304F2C122D359027008D8AE3 /* ScrumTimer.swift */,
				304F2C212D384A74008D8AE3 /* ErrorWrapper.swift */,
				304F2C1D2D36F155008D8AE3 /* History.swift */,
				304F2BFC2D1F9EBA008D8AE3 /* TrailingIconLabelStyle.swift */,
				304F2C162D36D6C8008D8AE3 /* AVPlayer+Ding.swift */,
				304F2BF62D1E159F008D8AE3 /* Theme.swift */,
				304F2BF82D1E49CE008D8AE3 /* DailyScrum.swift */,
				304F2C1F2D37046A008D8AE3 /* ScrumStore.swift */,
			);
			path = Models;
			sourceTree = "<group>";
		};
		304F2C192D36D8A4008D8AE3 /* Resources */ = {
			isa = PBXGroup;
			children = (
				304F2C182D36D8A4008D8AE3 /* ding.wav */,
			);
			path = Resources;
			sourceTree = "<group>";
		};
		304F2C232D384B05008D8AE3 /* Views */ = {
			isa = PBXGroup;
			children = (
				304F2C262D386BEE008D8AE3 /* MeetingTimerView.swift */,
				304F2C242D384B82008D8AE3 /* ErrorView.swift */,
				304F2BFA2D1E49FB008D8AE3 /* CardView.swift */,
				304F2C142D3594E7008D8AE3 /* MeetingFooterView.swift */,
				304F2C0E2D357BCB008D8AE3 /* MeetingHeaderView.swift */,
				304F2BFE2D2DBD81008D8AE3 /* ScrumsView.swift */,
				304F2C042D2F0510008D8AE3 /* DetailView.swift */,
				304F2C0A2D31A332008D8AE3 /* ThemeView.swift */,
				304F2C082D302F38008D8AE3 /* DetailEditView.swift */,
				304F2C0C2D31A4CE008D8AE3 /* ThemePicker.swift */,
				304F2C1B2D36EB23008D8AE3 /* NewScrumSheet.swift */,
				304F2C102D358EEE008D8AE3 /* ScrumProgressViewStyle.swift */,
				304F2BE92D1E0CE6008D8AE3 /* MeetingView.swift */,
				304F2C2D2D3ABE60008D8AE3 /* HistoryView.swift */,
				304F2C282D3884D7008D8AE3 /* SpeakerArc.swift */,
			);
			path = Views;
			sourceTree = "<group>";
		};
/* End PBXGroup section */

/* Begin PBXNativeTarget section */
		304F2BE32D1E0CE6008D8AE3 /* Scrumdinger */ = {
			isa = PBXNativeTarget;
			buildConfigurationList = 304F2BF22D1E0CE8008D8AE3 /* Build configuration list for PBXNativeTarget "Scrumdinger" */;
			buildPhases = (
				304F2BE02D1E0CE6008D8AE3 /* Sources */,
				304F2BE12D1E0CE6008D8AE3 /* Frameworks */,
				304F2BE22D1E0CE6008D8AE3 /* Resources */,
			);
			buildRules = (
			);
			dependencies = (
			);
			name = Scrumdinger;
			productName = Scrumdinger;
			productReference = 304F2BE42D1E0CE6008D8AE3 /* Scrumdinger.app */;
			productType = "com.apple.product-type.application";
		};
/* End PBXNativeTarget section */

/* Begin PBXProject section */
		304F2BDC2D1E0CE6008D8AE3 /* Project object */ = {
			isa = PBXProject;
			attributes = {
				BuildIndependentTargetsInParallel = 1;
				LastSwiftUpdateCheck = 1540;
				LastUpgradeCheck = 1540;
				TargetAttributes = {
					304F2BE32D1E0CE6008D8AE3 = {
						CreatedOnToolsVersion = 15.4;
					};
				};
			};
			buildConfigurationList = 304F2BDF2D1E0CE6008D8AE3 /* Build configuration list for PBXProject "Scrumdinger" */;
			compatibilityVersion = "Xcode 14.0";
			developmentRegion = en;
			hasScannedForEncodings = 0;
			knownRegions = (
				en,
				Base,
			);
			mainGroup = 304F2BDB2D1E0CE6008D8AE3;
			productRefGroup = 304F2BE52D1E0CE6008D8AE3 /* Products */;
			projectDirPath = "";
			projectRoot = "";
			targets = (
				304F2BE32D1E0CE6008D8AE3 /* Scrumdinger */,
			);
		};
/* End PBXProject section */

/* Begin PBXResourcesBuildPhase section */
		304F2BE22D1E0CE6008D8AE3 /* Resources */ = {
			isa = PBXResourcesBuildPhase;
			buildActionMask = 2147483647;
			files = (
				304F2C1A2D36D8A4008D8AE3 /* ding.wav in Resources */,
				304F2C032D2DC7DF008D8AE3 /* Preview Assets.xcassets in Resources */,
				304F2C012D2DC790008D8AE3 /* Assets.xcassets in Resources */,
			);
			runOnlyForDeploymentPostprocessing = 0;
		};
/* End PBXResourcesBuildPhase section */

/* Begin PBXSourcesBuildPhase section */
		304F2BE02D1E0CE6008D8AE3 /* Sources */ = {
			isa = PBXSourcesBuildPhase;
			buildActionMask = 2147483647;
			files = (
				304F2C1E2D36F155008D8AE3 /* History.swift in Sources */,
				304F2C0D2D31A4CE008D8AE3 /* ThemePicker.swift in Sources */,
				304F2C112D358EEF008D8AE3 /* ScrumProgressViewStyle.swift in Sources */,
				304F2C152D3594E7008D8AE3 /* MeetingFooterView.swift in Sources */,
				304F2C292D3884D7008D8AE3 /* SpeakerArc.swift in Sources */,
				304F2C252D384B82008D8AE3 /* ErrorView.swift in Sources */,
				304F2C132D359028008D8AE3 /* ScrumTimer.swift in Sources */,
				304F2C2E2D3ABE60008D8AE3 /* HistoryView.swift in Sources */,
				304F2C272D386BEE008D8AE3 /* MeetingTimerView.swift in Sources */,
				304F2BF92D1E49CE008D8AE3 /* DailyScrum.swift in Sources */,
				304F2C202D37046A008D8AE3 /* ScrumStore.swift in Sources */,
				304F2C052D2F0510008D8AE3 /* DetailView.swift in Sources */,
				304F2C222D384A74008D8AE3 /* ErrorWrapper.swift in Sources */,
				304F2C0F2D357BCB008D8AE3 /* MeetingHeaderView.swift in Sources */,
				304F2C092D302F38008D8AE3 /* DetailEditView.swift in Sources */,
				304F2C1C2D36EB23008D8AE3 /* NewScrumSheet.swift in Sources */,
				304F2BFD2D1F9EBA008D8AE3 /* TrailingIconLabelStyle.swift in Sources */,
				304F2BF72D1E159F008D8AE3 /* Theme.swift in Sources */,
				304F2C2B2D39A07D008D8AE3 /* SpeechRecognizer.swift in Sources */,
				304F2BFF2D2DBD81008D8AE3 /* ScrumsView.swift in Sources */,
				304F2BEA2D1E0CE6008D8AE3 /* MeetingView.swift in Sources */,
				304F2BE82D1E0CE6008D8AE3 /* ScrumdingerApp.swift in Sources */,
				304F2C0B2D31A332008D8AE3 /* ThemeView.swift in Sources */,
				304F2BFB2D1E49FB008D8AE3 /* CardView.swift in Sources */,
				304F2C172D36D6C8008D8AE3 /* AVPlayer+Ding.swift in Sources */,
			);
			runOnlyForDeploymentPostprocessing = 0;
		};
/* End PBXSourcesBuildPhase section */

/* Begin XCBuildConfiguration section */
		304F2BF02D1E0CE8008D8AE3 /* Debug */ = {
			isa = XCBuildConfiguration;
			buildSettings = {
				ALWAYS_SEARCH_USER_PATHS = NO;
				ASSETCATALOG_COMPILER_GENERATE_SWIFT_ASSET_SYMBOL_EXTENSIONS = YES;
				CLANG_ANALYZER_NONNULL = YES;
				CLANG_ANALYZER_NUMBER_OBJECT_CONVERSION = YES_AGGRESSIVE;
				CLANG_CXX_LANGUAGE_STANDARD = "gnu++20";
				CLANG_ENABLE_MODULES = YES;
				CLANG_ENABLE_OBJC_ARC = YES;
				CLANG_ENABLE_OBJC_WEAK = YES;
				CLANG_WARN_BLOCK_CAPTURE_AUTORELEASING = YES;
				CLANG_WARN_BOOL_CONVERSION = YES;
				CLANG_WARN_COMMA = YES;
				CLANG_WARN_CONSTANT_CONVERSION = YES;
				CLANG_WARN_DEPRECATED_OBJC_IMPLEMENTATIONS = YES;
				CLANG_WARN_DIRECT_OBJC_ISA_USAGE = YES_ERROR;
				CLANG_WARN_DOCUMENTATION_COMMENTS = YES;
				CLANG_WARN_EMPTY_BODY = YES;
				CLANG_WARN_ENUM_CONVERSION = YES;
				CLANG_WARN_INFINITE_RECURSION = YES;
				CLANG_WARN_INT_CONVERSION = YES;
				CLANG_WARN_NON_LITERAL_NULL_CONVERSION = YES;
				CLANG_WARN_OBJC_IMPLICIT_RETAIN_SELF = YES;
				CLANG_WARN_OBJC_LITERAL_CONVERSION = YES;
				CLANG_WARN_OBJC_ROOT_CLASS = YES_ERROR;
				CLANG_WARN_QUOTED_INCLUDE_IN_FRAMEWORK_HEADER = YES;
				CLANG_WARN_RANGE_LOOP_ANALYSIS = YES;
				CLANG_WARN_STRICT_PROTOTYPES = YES;
				CLANG_WARN_SUSPICIOUS_MOVE = YES;
				CLANG_WARN_UNGUARDED_AVAILABILITY = YES_AGGRESSIVE;
				CLANG_WARN_UNREACHABLE_CODE = YES;
				CLANG_WARN__DUPLICATE_METHOD_MATCH = YES;
				COPY_PHASE_STRIP = NO;
				DEBUG_INFORMATION_FORMAT = dwarf;
				ENABLE_STRICT_OBJC_MSGSEND = YES;
				ENABLE_TESTABILITY = YES;
				ENABLE_USER_SCRIPT_SANDBOXING = YES;
				GCC_C_LANGUAGE_STANDARD = gnu17;
				GCC_DYNAMIC_NO_PIC = NO;
				GCC_NO_COMMON_BLOCKS = YES;
				GCC_OPTIMIZATION_LEVEL = 0;
				GCC_PREPROCESSOR_DEFINITIONS = (
					"DEBUG=1",
					"$(inherited)",
				);
				GCC_WARN_64_TO_32_BIT_CONVERSION = YES;
				GCC_WARN_ABOUT_RETURN_TYPE = YES_ERROR;
				GCC_WARN_UNDECLARED_SELECTOR = YES;
				GCC_WARN_UNINITIALIZED_AUTOS = YES_AGGRESSIVE;
				GCC_WARN_UNUSED_FUNCTION = YES;
				GCC_WARN_UNUSED_VARIABLE = YES;
				IPHONEOS_DEPLOYMENT_TARGET = 17.5;
				LOCALIZATION_PREFERS_STRING_CATALOGS = YES;
				MTL_ENABLE_DEBUG_INFO = INCLUDE_SOURCE;
				MTL_FAST_MATH = YES;
				ONLY_ACTIVE_ARCH = YES;
				SDKROOT = iphoneos;
				SWIFT_ACTIVE_COMPILATION_CONDITIONS = "DEBUG $(inherited)";
				SWIFT_OPTIMIZATION_LEVEL = "-Onone";
			};
			name = Debug;
		};
		304F2BF12D1E0CE8008D8AE3 /* Release */ = {
			isa = XCBuildConfiguration;
			buildSettings = {
				ALWAYS_SEARCH_USER_PATHS = NO;
				ASSETCATALOG_COMPILER_GENERATE_SWIFT_ASSET_SYMBOL_EXTENSIONS = YES;
				CLANG_ANALYZER_NONNULL = YES;
				CLANG_ANALYZER_NUMBER_OBJECT_CONVERSION = YES_AGGRESSIVE;
				CLANG_CXX_LANGUAGE_STANDARD = "gnu++20";
				CLANG_ENABLE_MODULES = YES;
				CLANG_ENABLE_OBJC_ARC = YES;
				CLANG_ENABLE_OBJC_WEAK = YES;
				CLANG_WARN_BLOCK_CAPTURE_AUTORELEASING = YES;
				CLANG_WARN_BOOL_CONVERSION = YES;
				CLANG_WARN_COMMA = YES;
				CLANG_WARN_CONSTANT_CONVERSION = YES;
				CLANG_WARN_DEPRECATED_OBJC_IMPLEMENTATIONS = YES;
				CLANG_WARN_DIRECT_OBJC_ISA_USAGE = YES_ERROR;
				CLANG_WARN_DOCUMENTATION_COMMENTS = YES;
				CLANG_WARN_EMPTY_BODY = YES;
				CLANG_WARN_ENUM_CONVERSION = YES;
				CLANG_WARN_INFINITE_RECURSION = YES;
				CLANG_WARN_INT_CONVERSION = YES;
				CLANG_WARN_NON_LITERAL_NULL_CONVERSION = YES;
				CLANG_WARN_OBJC_IMPLICIT_RETAIN_SELF = YES;
				CLANG_WARN_OBJC_LITERAL_CONVERSION = YES;
				CLANG_WARN_OBJC_ROOT_CLASS = YES_ERROR;
				CLANG_WARN_QUOTED_INCLUDE_IN_FRAMEWORK_HEADER = YES;
				CLANG_WARN_RANGE_LOOP_ANALYSIS = YES;
				CLANG_WARN_STRICT_PROTOTYPES = YES;
				CLANG_WARN_SUSPICIOUS_MOVE = YES;
				CLANG_WARN_UNGUARDED_AVAILABILITY = YES_AGGRESSIVE;
				CLANG_WARN_UNREACHABLE_CODE = YES;
				CLANG_WARN__DUPLICATE_METHOD_MATCH = YES;
				COPY_PHASE_STRIP = NO;
				DEBUG_INFORMATION_FORMAT = "dwarf-with-dsym";
				ENABLE_NS_ASSERTIONS = NO;
				ENABLE_STRICT_OBJC_MSGSEND = YES;
				ENABLE_USER_SCRIPT_SANDBOXING = YES;
				GCC_C_LANGUAGE_STANDARD = gnu17;
				GCC_NO_COMMON_BLOCKS = YES;
				GCC_WARN_64_TO_32_BIT_CONVERSION = YES;
				GCC_WARN_ABOUT_RETURN_TYPE = YES_ERROR;
				GCC_WARN_UNDECLARED_SELECTOR = YES;
				GCC_WARN_UNINITIALIZED_AUTOS = YES_AGGRESSIVE;
				GCC_WARN_UNUSED_FUNCTION = YES;
				GCC_WARN_UNUSED_VARIABLE = YES;
				IPHONEOS_DEPLOYMENT_TARGET = 17.5;
				LOCALIZATION_PREFERS_STRING_CATALOGS = YES;
				MTL_ENABLE_DEBUG_INFO = NO;
				MTL_FAST_MATH = YES;
				SDKROOT = iphoneos;
				SWIFT_COMPILATION_MODE = wholemodule;
				VALIDATE_PRODUCT = YES;
			};
			name = Release;
		};
		304F2BF32D1E0CE8008D8AE3 /* Debug */ = {
			isa = XCBuildConfiguration;
			buildSettings = {
				ASSETCATALOG_COMPILER_APPICON_NAME = AppIcon;
				ASSETCATALOG_COMPILER_GLOBAL_ACCENT_COLOR_NAME = AccentColor;
				CODE_SIGN_STYLE = Automatic;
				CURRENT_PROJECT_VERSION = 1;
				DEVELOPMENT_ASSET_PATHS = "\"Scrumdinger/Preview Content\"";
				DEVELOPMENT_TEAM = 8566FZ874A;
				ENABLE_PREVIEWS = YES;
				GENERATE_INFOPLIST_FILE = YES;
				INFOPLIST_FILE = Scrumdinger/Info.plist;
				INFOPLIST_KEY_NSMicrophoneUsageDescription = "Audio is recorded to transcribe the meeting. Audio recordings are discarded after transcription.";
				INFOPLIST_KEY_NSSpeechRecognitionUsageDescription = "You can view a text transcription of your meeting in the app.";
				INFOPLIST_KEY_UIApplicationSceneManifest_Generation = YES;
				INFOPLIST_KEY_UIApplicationSupportsIndirectInputEvents = YES;
				INFOPLIST_KEY_UILaunchScreen_Generation = YES;
				INFOPLIST_KEY_UISupportedInterfaceOrientations_iPad = "UIInterfaceOrientationPortrait UIInterfaceOrientationPortraitUpsideDown UIInterfaceOrientationLandscapeLeft UIInterfaceOrientationLandscapeRight";
				INFOPLIST_KEY_UISupportedInterfaceOrientations_iPhone = "UIInterfaceOrientationPortrait UIInterfaceOrientationLandscapeLeft UIInterfaceOrientationLandscapeRight";
				LD_RUNPATH_SEARCH_PATHS = (
					"$(inherited)",
					"@executable_path/Frameworks",
				);
				MARKETING_VERSION = 1.0;
				PRODUCT_BUNDLE_IDENTIFIER = me.caleb.cupul.Scrumdinger;
				PRODUCT_NAME = "$(TARGET_NAME)";
				SWIFT_EMIT_LOC_STRINGS = YES;
				SWIFT_VERSION = 5.0;
				TARGETED_DEVICE_FAMILY = "1,2";
			};
			name = Debug;
		};
		304F2BF42D1E0CE8008D8AE3 /* Release */ = {
			isa = XCBuildConfiguration;
			buildSettings = {
				ASSETCATALOG_COMPILER_APPICON_NAME = AppIcon;
				ASSETCATALOG_COMPILER_GLOBAL_ACCENT_COLOR_NAME = AccentColor;
				CODE_SIGN_STYLE = Automatic;
				CURRENT_PROJECT_VERSION = 1;
				DEVELOPMENT_ASSET_PATHS = "\"Scrumdinger/Preview Content\"";
				DEVELOPMENT_TEAM = 8566FZ874A;
				ENABLE_PREVIEWS = YES;
				GENERATE_INFOPLIST_FILE = YES;
				INFOPLIST_FILE = Scrumdinger/Info.plist;
				INFOPLIST_KEY_NSMicrophoneUsageDescription = "Audio is recorded to transcribe the meeting. Audio recordings are discarded after transcription.";
				INFOPLIST_KEY_NSSpeechRecognitionUsageDescription = "You can view a text transcription of your meeting in the app.";
				INFOPLIST_KEY_UIApplicationSceneManifest_Generation = YES;
				INFOPLIST_KEY_UIApplicationSupportsIndirectInputEvents = YES;
				INFOPLIST_KEY_UILaunchScreen_Generation = YES;
				INFOPLIST_KEY_UISupportedInterfaceOrientations_iPad = "UIInterfaceOrientationPortrait UIInterfaceOrientationPortraitUpsideDown UIInterfaceOrientationLandscapeLeft UIInterfaceOrientationLandscapeRight";
				INFOPLIST_KEY_UISupportedInterfaceOrientations_iPhone = "UIInterfaceOrientationPortrait UIInterfaceOrientationLandscapeLeft UIInterfaceOrientationLandscapeRight";
				LD_RUNPATH_SEARCH_PATHS = (
					"$(inherited)",
					"@executable_path/Frameworks",
				);
				MARKETING_VERSION = 1.0;
				PRODUCT_BUNDLE_IDENTIFIER = me.caleb.cupul.Scrumdinger;
				PRODUCT_NAME = "$(TARGET_NAME)";
				SWIFT_EMIT_LOC_STRINGS = YES;
				SWIFT_VERSION = 5.0;
				TARGETED_DEVICE_FAMILY = "1,2";
			};
			name = Release;
		};
/* End XCBuildConfiguration section */

/* Begin XCConfigurationList section */
		304F2BDF2D1E0CE6008D8AE3 /* Build configuration list for PBXProject "Scrumdinger" */ = {
			isa = XCConfigurationList;
			buildConfigurations = (
				304F2BF02D1E0CE8008D8AE3 /* Debug */,
				304F2BF12D1E0CE8008D8AE3 /* Release */,
			);
			defaultConfigurationIsVisible = 0;
			defaultConfigurationName = Release;
		};
		304F2BF22D1E0CE8008D8AE3 /* Build configuration list for PBXNativeTarget "Scrumdinger" */ = {
			isa = XCConfigurationList;
			buildConfigurations = (
				304F2BF32D1E0CE8008D8AE3 /* Debug */,
				304F2BF42D1E0CE8008D8AE3 /* Release */,
			);
			defaultConfigurationIsVisible = 0;
			defaultConfigurationName = Release;
		};
/* End XCConfigurationList section */
	};
	rootObject = 304F2BDC2D1E0CE6008D8AE3 /* Project object */;
}
